# This file was autogenerated by Stack.
# You should not edit this file by hand.
# For more information, please see the documentation at:
#   https://docs.haskellstack.org/en/stable/lock_files

packages:
- completed:
    hackage: apecs-0.7.1@sha256:d6eb75a6e2dc92b06cd2650cb00655cbcd71c0d36e1d0d6ebc5d7be808386593,2008
    pantry-tree:
      size: 956
      sha256: 70284267e06d7cf62ca7c58b08a29442c2ea4b79e42145161c8fd73a18345ef9
  original:
    hackage: apecs-0.7.1
- completed:
    hackage: astar-monad-0.3.0.0@sha256:8871d04a65f0b59ffb51560fd03c79353cb196b62a055c8ae93746b9a97415d8,1463
    pantry-tree:
      size: 448
      sha256: 2d56b056abc21a495c25528c4dc349b89fad6f497d192edd26ef2a97060bb992
  original:
    hackage: astar-monad-0.3.0.0
- completed:
    hackage: first-class-families-0.5.0.0@sha256:6e1488c502d5b1e780739a53edab65a307c6bf94d4232fab70e696e87f0fa087,1290
    pantry-tree:
      size: 847
      sha256: 9289ea3bef39f4aae774cfe466810ee55989b1ef58de33a7c9668df8b0657b1d
  original:
    hackage: first-class-families-0.5.0.0
- completed:
    hackage: Euterpea-2.0.7@sha256:81d583a47d483bf83ac07df7b764138f1aa52a56db4e7c7f685d070dbac4b388,2661
    pantry-tree:
      size: 1603
      sha256: a1347f151792305d59844270d6e4e9ec0958873a9bf17430aee57c8940d6f902
  original:
    hackage: Euterpea-2.0.7
- completed:
    hackage: PortMidi-0.2.0.0@sha256:0671e36ec72e95138bf396234b205864a8a6d0ee353e09e01cbfd57004c56f40,2383
    pantry-tree:
      size: 1818
      sha256: c9936666afc390560319024c25ecb184e2518ae4d3be5ae14081231091c1f073
  original:
    hackage: PortMidi-0.2.0.0
- completed:
    hackage: arrows-0.4.4.2@sha256:a260222b766da922657e302aa7c0409451913e1e503798a47a213a61ba382460,1235
    pantry-tree:
      size: 1035
      sha256: 153eac3a26d5922d3be968368125e5a31cc4347049732ef3a75920c4b9fda417
  original:
    hackage: arrows-0.4.4.2
- completed:
    hackage: Stream-0.4.7.2@sha256:ed78165aa34c4e23dc53c9072f8715d414a585037f2145ea0eb2b38300354c53,1009
    pantry-tree:
      size: 207
      sha256: 009fe33c4779bd1705a26f9b036f0996e9fc85df06418aec3dda967554e6ef83
  original:
    hackage: Stream-0.4.7.2
- completed:
    hackage: StateVar-1.1.1.1@sha256:cd3b516a49faf0627ea31885e012611e63600824976dcb276bcb2e92cdb0790f,1417
    pantry-tree:
      size: 314
      sha256: d2b673886d4d8866aecb9b7f32ec6719fa9a8f8d2ccccea059edc3c45db4e1f0
  original:
    hackage: StateVar-1.1.1.1
- completed:
    hackage: text-1.2.3.1@sha256:ceb05f2a77b82bffe58c9ce8d8ad447191e4509bd28c14bf3da610bd6b82a62b,8560
    pantry-tree:
      size: 7456
      sha256: c9b38b60593401bb378b694a42b085d46f74f97d86d39edeb01a616965f2b581
  original:
    hackage: text-1.2.3.1
- completed:
    hackage: lazysmallcheck-0.6@sha256:dac7a1e4877681f1260309e863e896674dd6efc1159897b7945893e693f2a6bc,1696
    pantry-tree:
      size: 2008
      sha256: aea6b83dd91703fd130d98ecfed88b8f16841b22990c837c8fde89f9f6cca809
  original:
    hackage: lazysmallcheck-0.6
- completed:
    hackage: HCodecs-0.5.1@sha256:bf99063ca71d5fc6ed560be853457517ca7c670a06c21c89da6c33196b4d6a42,1654
    pantry-tree:
      size: 678
      sha256: 5543da15343ec505acbd1a08ea8d80a740c386033e2fa1faa38716dcfd028b6e
  original:
    hackage: HCodecs-0.5.1
- completed:
    hackage: sdl2-2.4.1.0@sha256:65a2d222044676686859fda43f119cb0f02ab5d04718ee3a7331628dade69931,11265
    pantry-tree:
      size: 6507
      sha256: fd7f5beddb0dd07aee0323d82c60fbcff02022bca4b31a10890421ff07a26970
  original:
    hackage: sdl2-2.4.1.0
- completed:
    hackage: sdl2-mixer-1.1.0@sha256:c809aecd91ebf9c759af66eebaa4f45f766f2603c13a73412abfd0bd1e02071a,3067
    pantry-tree:
      size: 686
      sha256: 8714da5931e9420398b2845632a6977b1f5760ad01103769e5daa3708c529086
  original:
    hackage: sdl2-mixer-1.1.0
- completed:
    hackage: containers-0.5.11.0@sha256:28ad7337057442f75bc689315ab4ec7bdf5e6b2c39668f306672cecd82c02798,16685
    pantry-tree:
      size: 4849
      sha256: faa4e75922a28f7cfe9920c1d7ab3866b792cefcd29bf79f54cfe3b6b5f57cbf
  original:
    hackage: containers-0.5.11.0
- completed:
    hackage: binary-0.8.7.0@sha256:ae3e6cca723ac55c54bbb3fa771bcf18142bc727afd57818e66d6ee6c8044f12,7705
    pantry-tree:
      size: 1976
      sha256: 35e44b6d3ccf0d56fc5407dc3f0895e74696a66da189afbd65973c95743f5e25
  original:
    hackage: binary-0.8.7.0
snapshots:
- completed:
    size: 524104
    url: https://raw.githubusercontent.com/commercialhaskell/stackage-snapshots/master/lts/14/5.yaml
    sha256: 3c146eebc1b383211ea49d5422fb3d63d699da12307b4bc989107300eb579d60
  original: lts-14.5
